// !$*UTF8*$!
{
	archiveVersion = 1;
	classes = {
	};
	objectVersion = 46;
	objects = {

/* Begin PBXBuildFile section */
		42FD4E1B1AF9744B00200E4B /* AppDelegate.swift in Sources */ = {isa = PBXBuildFile; fileRef = 42FD4E1A1AF9744B00200E4B /* AppDelegate.swift */; };
		42FD4E1D1AF9744B00200E4B /* ViewController.swift in Sources */ = {isa = PBXBuildFile; fileRef = 42FD4E1C1AF9744B00200E4B /* ViewController.swift */; };
		42FD4E201AF9744B00200E4B /* Main.storyboard in Resources */ = {isa = PBXBuildFile; fileRef = 42FD4E1E1AF9744B00200E4B /* Main.storyboard */; };
		42FD4E221AF9744B00200E4B /* Images.xcassets in Resources */ = {isa = PBXBuildFile; fileRef = 42FD4E211AF9744B00200E4B /* Images.xcassets */; };
		42FD4E251AF9744B00200E4B /* LaunchScreen.xib in Resources */ = {isa = PBXBuildFile; fileRef = 42FD4E231AF9744B00200E4B /* LaunchScreen.xib */; };
		42FD4E311AF9744B00200E4B /* ColorMaker_SlidersTests.swift in Sources */ = {isa = PBXBuildFile; fileRef = 42FD4E301AF9744B00200E4B /* ColorMaker_SlidersTests.swift */; };
/* End PBXBuildFile section */

/* Begin PBXContainerItemProxy section */
		42FD4E2B1AF9744B00200E4B /* PBXContainerItemProxy */ = {
			isa = PBXContainerItemProxy;
			containerPortal = 42FD4E0D1AF9744B00200E4B /* Project object */;
			proxyType = 1;
			remoteGlobalIDString = 42FD4E141AF9744B00200E4B;
			remoteInfo = "ColorMaker-Sliders";
		};
/* End PBXContainerItemProxy section */

/* Begin PBXFileReference section */
		42FD4E151AF9744B00200E4B /* ColorMaker-Sliders.app */ = {isa = PBXFileReference; explicitFileType = wrapper.application; includeInIndex = 0; path = "ColorMaker-Sliders.app"; sourceTree = BUILT_PRODUCTS_DIR; };
		42FD4E191AF9744B00200E4B /* Info.plist */ = {isa = PBXFileReference; lastKnownFileType = text.plist.xml; path = Info.plist; sourceTree = "<group>"; };
		42FD4E1A1AF9744B00200E4B /* AppDelegate.swift */ = {isa = PBXFileReference; lastKnownFileType = sourcecode.swift; path = AppDelegate.swift; sourceTree = "<group>"; };
		42FD4E1C1AF9744B00200E4B /* ViewController.swift */ = {isa = PBXFileReference; lastKnownFileType = sourcecode.swift; path = ViewController.swift; sourceTree = "<group>"; };
		42FD4E1F1AF9744B00200E4B /* Base */ = {isa = PBXFileReference; lastKnownFileType = file.storyboard; name = Base; path = Base.lproj/Main.storyboard; sourceTree = "<group>"; };
		42FD4E211AF9744B00200E4B /* Images.xcassets */ = {isa = PBXFileReference; lastKnownFileType = folder.assetcatalog; path = Images.xcassets; sourceTree = "<group>"; };
		42FD4E241AF9744B00200E4B /* Base */ = {isa = PBXFileReference; lastKnownFileType = file.xib; name = Base; path = Base.lproj/LaunchScreen.xib; sourceTree = "<group>"; };
		42FD4E2A1AF9744B00200E4B /* ColorMaker-SlidersTests.xctest */ = {isa = PBXFileReference; explicitFileType = wrapper.cfbundle; includeInIndex = 0; path = "ColorMaker-SlidersTests.xctest"; sourceTree = BUILT_PRODUCTS_DIR; };
		42FD4E2F1AF9744B00200E4B /* Info.plist */ = {isa = PBXFileReference; lastKnownFileType = text.plist.xml; path = Info.plist; sourceTree = "<group>"; };
		42FD4E301AF9744B00200E4B /* ColorMaker_SlidersTests.swift */ = {isa = PBXFileReference; lastKnownFileType = sourcecode.swift; path = ColorMaker_SlidersTests.swift; sourceTree = "<group>"; };
/* End PBXFileReference section */

/* Begin PBXFrameworksBuildPhase section */
		42FD4E121AF9744B00200E4B /* Frameworks */ = {
			isa = PBXFrameworksBuildPhase;
			buildActionMask = 2147483647;
			files = (
			);
			runOnlyForDeploymentPostprocessing = 0;
		};
		42FD4E271AF9744B00200E4B /* Frameworks */ = {
			isa = PBXFrameworksBuildPhase;
			buildActionMask = 2147483647;
			files = (
			);
			runOnlyForDeploymentPostprocessing = 0;
		};
/* End PBXFrameworksBuildPhase section */

/* Begin PBXGroup section */
		42FD4E0C1AF9744B00200E4B = {
			isa = PBXGroup;
			children = (
				42FD4E171AF9744B00200E4B /* ColorMaker-Sliders */,
				42FD4E2D1AF9744B00200E4B /* ColorMaker-SlidersTests */,
				42FD4E161AF9744B00200E4B /* Products */,
			);
			sourceTree = "<group>";
		};
		42FD4E161AF9744B00200E4B /* Products */ = {
			isa = PBXGroup;
			children = (
				42FD4E151AF9744B00200E4B /* ColorMaker-Sliders.app */,
				42FD4E2A1AF9744B00200E4B /* ColorMaker-SlidersTests.xctest */,
			);
			name = Products;
			sourceTree = "<group>";
		};
		42FD4E171AF9744B00200E4B /* ColorMaker-Sliders */ = {
			isa = PBXGroup;
			children = (
				42FD4E1A1AF9744B00200E4B /* AppDelegate.swift */,
				42FD4E1C1AF9744B00200E4B /* ViewController.swift */,
				42FD4E1E1AF9744B00200E4B /* Main.storyboard */,
				42FD4E211AF9744B00200E4B /* Images.xcassets */,
				42FD4E231AF9744B00200E4B /* LaunchScreen.xib */,
				42FD4E181AF9744B00200E4B /* Supporting Files */,
			);
			path = "ColorMaker-Sliders";
			sourceTree = "<group>";
		};
		42FD4E181AF9744B00200E4B /* Supporting Files */ = {
			isa = PBXGroup;
			children = (
				42FD4E191AF9744B00200E4B /* Info.plist */,
			);
			name = "Supporting Files";
			sourceTree = "<group>";
		};
		42FD4E2D1AF9744B00200E4B /* ColorMaker-SlidersTests */ = {
			isa = PBXGroup;
			children = (
				42FD4E301AF9744B00200E4B /* ColorMaker_SlidersTests.swift */,
				42FD4E2E1AF9744B00200E4B /* Supporting Files */,
			);
			path = "ColorMaker-SlidersTests";
			sourceTree = "<group>";
		};
		42FD4E2E1AF9744B00200E4B /* Supporting Files */ = {
			isa = PBXGroup;
			children = (
				42FD4E2F1AF9744B00200E4B /* Info.plist */,
			);
			name = "Supporting Files";
			sourceTree = "<group>";
		};
/* End PBXGroup section */

/* Begin PBXNativeTarget section */
		42FD4E141AF9744B00200E4B /* ColorMaker-Sliders */ = {
			isa = PBXNativeTarget;
			buildConfigurationList = 42FD4E341AF9744B00200E4B /* Build configuration list for PBXNativeTarget "ColorMaker-Sliders" */;
			buildPhases = (
				42FD4E111AF9744B00200E4B /* Sources */,
				42FD4E121AF9744B00200E4B /* Frameworks */,
				42FD4E131AF9744B00200E4B /* Resources */,
			);
			buildRules = (
			);
			dependencies = (
			);
			name = "ColorMaker-Sliders";
			productName = "ColorMaker-Sliders";
			productReference = 42FD4E151AF9744B00200E4B /* ColorMaker-Sliders.app */;
			productType = "com.apple.product-type.application";
		};
		42FD4E291AF9744B00200E4B /* ColorMaker-SlidersTests */ = {
			isa = PBXNativeTarget;
			buildConfigurationList = 42FD4E371AF9744B00200E4B /* Build configuration list for PBXNativeTarget "ColorMaker-SlidersTests" */;
			buildPhases = (
				42FD4E261AF9744B00200E4B /* Sources */,
				42FD4E271AF9744B00200E4B /* Frameworks */,
				42FD4E281AF9744B00200E4B /* Resources */,
			);
			buildRules = (
			);
			dependencies = (
				42FD4E2C1AF9744B00200E4B /* PBXTargetDependency */,
			);
			name = "ColorMaker-SlidersTests";
			productName = "ColorMaker-SlidersTests";
			productReference = 42FD4E2A1AF9744B00200E4B /* ColorMaker-SlidersTests.xctest */;
			productType = "com.apple.product-type.bundle.unit-test";
		};
/* End PBXNativeTarget section */

/* Begin PBXProject section */
		42FD4E0D1AF9744B00200E4B /* Project object */ = {
			isa = PBXProject;
			attributes = {
				LastUpgradeCheck = 0630;
				ORGANIZATIONNAME = towers1209;
				TargetAttributes = {
					42FD4E141AF9744B00200E4B = {
						CreatedOnToolsVersion = 6.3.1;
					};
					42FD4E291AF9744B00200E4B = {
						CreatedOnToolsVersion = 6.3.1;
						TestTargetID = 42FD4E141AF9744B00200E4B;
					};
				};
			};
			buildConfigurationList = 42FD4E101AF9744B00200E4B /* Build configuration list for PBXProject "ColorMaker-Sliders" */;
			compatibilityVersion = "Xcode 3.2";
			developmentRegion = English;
			hasScannedForEncodings = 0;
			knownRegions = (
				en,
				Base,
			);
			mainGroup = 42FD4E0C1AF9744B00200E4B;
			productRefGroup = 42FD4E161AF9744B00200E4B /* Products */;
			projectDirPath = "";
			projectRoot = "";
			targets = (
				42FD4E141AF9744B00200E4B /* ColorMaker-Sliders */,
				42FD4E291AF9744B00200E4B /* ColorMaker-SlidersTests */,
			);
		};
/* End PBXProject section */

/* Begin PBXResourcesBuildPhase section */
		42FD4E131AF9744B00200E4B /* Resources */ = {
			isa = PBXResourcesBuildPhase;
			buildActionMask = 2147483647;
			files = (
				42FD4E201AF9744B00200E4B /* Main.storyboard in Resources */,
				42FD4E251AF9744B00200E4B /* LaunchScreen.xib in Resources */,
				42FD4E221AF9744B00200E4B /* Images.xcassets in Resources */,
			);
			runOnlyForDeploymentPostprocessing = 0;
		};
		42FD4E281AF9744B00200E4B /* Resources */ = {
			isa = PBXResourcesBuildPhase;
			buildActionMask = 2147483647;
			files = (
			);
			runOnlyForDeploymentPostprocessing = 0;
		};
/* End PBXResourcesBuildPhase section */

/* Begin PBXSourcesBuildPhase section */
		42FD4E111AF9744B00200E4B /* Sources */ = {
			isa = PBXSourcesBuildPhase;
			buildActionMask = 2147483647;
			files = (
				42FD4E1D1AF9744B00200E4B /* ViewController.swift in Sources */,
				42FD4E1B1AF9744B00200E4B /* AppDelegate.swift in Sources */,
			);
			runOnlyForDeploymentPostprocessing = 0;
		};
		42FD4E261AF9744B00200E4B /* Sources */ = {
			isa = PBXSourcesBuildPhase;
			buildActionMask = 2147483647;
			files = (
				42FD4E311AF9744B00200E4B /* ColorMaker_SlidersTests.swift in Sources */,
			);
			runOnlyForDeploymentPostprocessing = 0;
		};
/* End PBXSourcesBuildPhase section */

/* Begin PBXTargetDependency section */
		42FD4E2C1AF9744B00200E4B /* PBXTargetDependency */ = {
			isa = PBXTargetDependency;
			target = 42FD4E141AF9744B00200E4B /* ColorMaker-Sliders */;
			targetProxy = 42FD4E2B1AF9744B00200E4B /* PBXContainerItemProxy */;
		};
/* End PBXTargetDependency section */

/* Begin PBXVariantGroup section */
		42FD4E1E1AF9744B00200E4B /* Main.storyboard */ = {
			isa = PBXVariantGroup;
			children = (
				42FD4E1F1AF9744B00200E4B /* Base */,
			);
			name = Main.storyboard;
			sourceTree = "<group>";
		};
		42FD4E231AF9744B00200E4B /* LaunchScreen.xib */ = {
			isa = PBXVariantGroup;
			children = (
				42FD4E241AF9744B00200E4B /* Base */,
			);
			name = LaunchScreen.xib;
			sourceTree = "<group>";
		};
/* End PBXVariantGroup section */

/* Begin XCBuildConfiguration section */
		42FD4E321AF9744B00200E4B /* Debug */ = {
			isa = XCBuildConfiguration;
			buildSettings = {
				ALWAYS_SEARCH_USER_PATHS = NO;
				CLANG_CXX_LANGUAGE_STANDARD = "gnu++0x";
				CLANG_CXX_LIBRARY = "libc++";
				CLANG_ENABLE_MODULES = YES;
				CLANG_ENABLE_OBJC_ARC = YES;
				CLANG_WARN_BOOL_CONVERSION = YES;
				CLANG_WARN_CONSTANT_CONVERSION = YES;
				CLANG_WARN_DIRECT_OBJC_ISA_USAGE = YES_ERROR;
				CLANG_WARN_EMPTY_BODY = YES;
				CLANG_WARN_ENUM_CONVERSION = YES;
				CLANG_WARN_INT_CONVERSION = YES;
				CLANG_WARN_OBJC_ROOT_CLASS = YES_ERROR;
				CLANG_WARN_UNREACHABLE_CODE = YES;
				CLANG_WARN__DUPLICATE_METHOD_MATCH = YES;
				"CODE_SIGN_IDENTITY[sdk=iphoneos*]" = "iPhone Developer";
				COPY_PHASE_STRIP = NO;
				DEBUG_INFORMATION_FORMAT = "dwarf-with-dsym";
				ENABLE_STRICT_OBJC_MSGSEND = YES;
				GCC_C_LANGUAGE_STANDARD = gnu99;
				GCC_DYNAMIC_NO_PIC = NO;
				GCC_NO_COMMON_BLOCKS = YES;
				GCC_OPTIMIZATION_LEVEL = 0;
				GCC_PREPROCESSOR_DEFINITIONS = (
					"DEBUG=1",
					"$(inherited)",
				);
				GCC_SYMBOLS_PRIVATE_EXTERN = NO;
				GCC_WARN_64_TO_32_BIT_CONVERSION = YES;
				GCC_WARN_ABOUT_RETURN_TYPE = YES_ERROR;
				GCC_WARN_UNDECLARED_SELECTOR = YES;
				GCC_WARN_UNINITIALIZED_AUTOS = YES_AGGRESSIVE;
				GCC_WARN_UNUSED_FUNCTION = YES;
				GCC_WARN_UNUSED_VARIABLE = YES;
				IPHONEOS_DEPLOYMENT_TARGET = 8.3;
				MTL_ENABLE_DEBUG_INFO = YES;
				ONLY_ACTIVE_ARCH = YES;
				SDKROOT = iphoneos;
				SWIFT_OPTIMIZATION_LEVEL = "-Onone";
			};
			name = Debug;
		};
		42FD4E331AF9744B00200E4B /* Release */ = {
			isa = XCBuildConfiguration;
			buildSettings = {
				ALWAYS_SEARCH_USER_PATHS = NO;
				CLANG_CXX_LANGUAGE_STANDARD = "gnu++0x";
				CLANG_CXX_LIBRARY = "libc++";
				CLANG_ENABLE_MODULES = YES;
				CLANG_ENABLE_OBJC_ARC = YES;
				CLANG_WARN_BOOL_CONVERSION = YES;
				CLANG_WARN_CONSTANT_CONVERSION = YES;
				CLANG_WARN_DIRECT_OBJC_ISA_USAGE = YES_ERROR;
				CLANG_WARN_EMPTY_BODY = YES;
				CLANG_WARN_ENUM_CONVERSION = YES;
				CLANG_WARN_INT_CONVERSION = YES;
				CLANG_WARN_OBJC_ROOT_CLASS = YES_ERROR;
				CLANG_WARN_UNREACHABLE_CODE = YES;
				CLANG_WARN__DUPLICATE_METHOD_MATCH = YES;
				"CODE_SIGN_IDENTITY[sdk=iphoneos*]" = "iPhone Developer";
				COPY_PHASE_STRIP = NO;
				DEBUG_INFORMATION_FORMAT = "dwarf-with-dsym";
				ENABLE_NS_ASSERTIONS = NO;
				ENABLE_STRICT_OBJC_MSGSEND = YES;
				GCC_C_LANGUAGE_STANDARD = gnu99;
				GCC_NO_COMMON_BLOCKS = YES;
				GCC_WARN_64_TO_32_BIT_CONVERSION = YES;
				GCC_WARN_ABOUT_RETURN_TYPE = YES_ERROR;
				GCC_WARN_UNDECLARED_SELECTOR = YES;
				GCC_WARN_UNINITIALIZED_AUTOS = YES_AGGRESSIVE;
				GCC_WARN_UNUSED_FUNCTION = YES;
				GCC_WARN_UNUSED_VARIABLE = YES;
				IPHONEOS_DEPLOYMENT_TARGET = 8.3;
				MTL_ENABLE_DEBUG_INFO = NO;
				SDKROOT = iphoneos;
				VALIDATE_PRODUCT = YES;
			};
			name = Release;
		};
		42FD4E351AF9744B00200E4B /* Debug */ = {
			isa = XCBuildConfiguration;
			buildSettings = {
				ASSETCATALOG_COMPILER_APPICON_NAME = AppIcon;
				INFOPLIST_FILE = "ColorMaker-Sliders/Info.plist";
				LD_RUNPATH_SEARCH_PATHS = "$(inherited) @executable_path/Frameworks";
				PRODUCT_NAME = "$(TARGET_NAME)";
			};
			name = Debug;
		};
		42FD4E361AF9744B00200E4B /* Release */ = {
			isa = XCBuildConfiguration;
			buildSettings = {
				ASSETCATALOG_COMPILER_APPICON_NAME = AppIcon;
				INFOPLIST_FILE = "ColorMaker-Sliders/Info.plist";
				LD_RUNPATH_SEARCH_PATHS = "$(inherited) @executable_path/Frameworks";
				PRODUCT_NAME = "$(TARGET_NAME)";
			};
			name = Release;
		};
		42FD4E381AF9744B00200E4B /* Debug */ = {
			isa = XCBuildConfiguration;
			buildSettings = {
				BUNDLE_LOADER = "$(TEST_HOST)";
				FRAMEWORK_SEARCH_PATHS = (
					"$(SDKROOT)/Developer/Library/Frameworks",
					"$(inherited)",
				);
				GCC_PREPROCESSOR_DEFINITIONS = (
					"DEBUG=1",
					"$(inherited)",
				);
				INFOPLIST_FILE = "ColorMaker-SlidersTests/Info.plist";
				LD_RUNPATH_SEARCH_PATHS = "$(inherited) @executable_path/Frameworks @loader_path/Frameworks";
				PRODUCT_NAME = "$(TARGET_NAME)";
				TEST_HOST = "$(BUILT_PRODUCTS_DIR)/ColorMaker-Sliders.app/ColorMaker-Sliders";
			};
			name = Debug;
		};
		42FD4E391AF9744B00200E4B /* Release */ = {
			isa = XCBuildConfiguration;
			buildSettings = {
				BUNDLE_LOADER = "$(TEST_HOST)";
				FRAMEWORK_SEARCH_PATHS = (
					"$(SDKROOT)/Developer/Library/Frameworks",
					"$(inherited)",
				);
				INFOPLIST_FILE = "ColorMaker-SlidersTests/Info.plist";
				LD_RUNPATH_SEARCH_PATHS = "$(inherited) @executable_path/Frameworks @loader_path/Frameworks";
				PRODUCT_NAME = "$(TARGET_NAME)";
				TEST_HOST = "$(BUILT_PRODUCTS_DIR)/ColorMaker-Sliders.app/ColorMaker-Sliders";
			};
			name = Release;
		};
/* End XCBuildConfiguration section */

/* Begin XCConfigurationList section */
		42FD4E101AF9744B00200E4B /* Build configuration list for PBXProject "ColorMaker-Sliders" */ = {
			isa = XCConfigurationList;
			buildConfigurations = (
				42FD4E321AF9744B00200E4B /* Debug */,
				42FD4E331AF9744B00200E4B /* Release */,
			);
			defaultConfigurationIsVisible = 0;
			defaultConfigurationName = Release;
		};
		42FD4E341AF9744B00200E4B /* Build configuration list for PBXNativeTarget "ColorMaker-Sliders" */ = {
			isa = XCConfigurationList;
			buildConfigurations = (
				42FD4E351AF9744B00200E4B /* Debug */,
				42FD4E361AF9744B00200E4B /* Release */,
			);
			defaultConfigurationIsVisible = 0;
		};
		42FD4E371AF9744B00200E4B /* Build configuration list for PBXNativeTarget "ColorMaker-SlidersTests" */ = {
			isa = XCConfigurationList;
			buildConfigurations = (
				42FD4E381AF9744B00200E4B /* Debug */,
				42FD4E391AF9744B00200E4B /* Release */,
			);
			defaultConfigurationIsVisible = 0;
		};
/* End XCConfigurationList section */
	};
	rootObject = 42FD4E0D1AF9744B00200E4B /* Project object */;
}
